lockfileVersion: '6.0'

settings:
  autoInstallPeers: true
  excludeLinksFromLockfile: false

dependencies:
  sequelize:
    specifier: ^6.33.0
    version: 6.33.0

packages:

  /@types/debug@4.1.9:
    resolution: {integrity: sha512-8Hz50m2eoS56ldRlepxSBa6PWEVCtzUo/92HgLc2qTMnotJNIm7xP+UZhyWoYsyOdd5dxZ+NZLb24rsKyFs2ow==}
    dependencies:
      '@types/ms': 0.7.32
    dev: false

  /@types/ms@0.7.32:
    resolution: {integrity: sha512-xPSg0jm4mqgEkNhowKgZFBNtwoEwF6gJ4Dhww+GFpm3IgtNseHQZ5IqdNwnquZEoANxyDAKDRAdVo4Z72VvD/g==}
    dev: false

  /@types/node@20.8.4:
    resolution: {integrity: sha512-ZVPnqU58giiCjSxjVUESDtdPk4QR5WQhhINbc9UBrKLU68MX5BF6kbQzTrkwbolyr0X8ChBpXfavr5mZFKZQ5A==}
    dependencies:
      undici-types: 5.25.3
    dev: false

  /@types/validator@13.11.2:
    resolution: {integrity: sha512-nIKVVQKT6kGKysnNt+xLobr+pFJNssJRi2s034wgWeFBUx01fI8BeHTW2TcRp7VcFu9QCYG8IlChTuovcm0oKQ==}
    dev: false

  /debug@4.3.4:
    resolution: {integrity: sha512-PRWFHuSU3eDtQJPvnNY7Jcket1j0t5OuOsFzPPzsekD52Zl8qUfFIPEiswXqIvHWGVHOgX+7G/vCNNhehwxfkQ==}
    engines: {node: '>=6.0'}
    peerDependencies:
      supports-color: '*'
    peerDependenciesMeta:
      supports-color:
        optional: true
    dependencies:
      ms: 2.1.2
    dev: false

  /dottie@2.0.6:
    resolution: {integrity: sha512-iGCHkfUc5kFekGiqhe8B/mdaurD+lakO9txNnTvKtA6PISrw86LgqHvRzWYPyoE2Ph5aMIrCw9/uko6XHTKCwA==}
    dev: false

  /inflection@1.13.4:
    resolution: {integrity: sha512-6I/HUDeYFfuNCVS3td055BaXBwKYuzw7K3ExVMStBowKo9oOAMJIXIHvdyR3iboTCp1b+1i5DSkIZTcwIktuDw==}
    engines: {'0': node >= 0.4.0}
    dev: false

  /lodash@4.17.21:
    resolution: {integrity: sha512-v2kDEe57lecTulaDIuNTPy3Ry4gLGJ6Z1O3vE1krgXZNrsQ+LFTGHVxVjcXPs17LhbZVGedAJv8XZ1tvj5FvSg==}
    dev: false

  /lru-cache@6.0.0:
    resolution: {integrity: sha512-Jo6dJ04CmSjuznwJSS3pUeWmd/H0ffTlkXXgwZi+eq1UCmqQwCh+eLsYOYCwY991i2Fah4h1BEMCx4qThGbsiA==}
    engines: {node: '>=10'}
    dependencies:
      yallist: 4.0.0
    dev: false

  /moment-timezone@0.5.43:
    resolution: {integrity: sha512-72j3aNyuIsDxdF1i7CEgV2FfxM1r6aaqJyLB2vwb33mXYyoyLly+F1zbWqhA3/bVIoJ4szlUoMbUnVdid32NUQ==}
    dependencies:
      moment: 2.29.4
    dev: false

  /moment@2.29.4:
    resolution: {integrity: sha512-5LC9SOxjSc2HF6vO2CyuTDNivEdoz2IvyJJGj6X8DJ0eFyfszE0QiEd+iXmBvUP3WHxSjFH/vIsA0EN00cgr8w==}
    dev: false

  /ms@2.1.2:
    resolution: {integrity: sha512-sGkPx+VjMtmA6MX27oA4FBFELFCZZ4S4XqeGOXCv68tT+jb3vk/RyaKWP0PTKyWtmLSM0b+adUTEvbs1PEaH2w==}
    dev: false

  /pg-connection-string@2.6.2:
    resolution: {integrity: sha512-ch6OwaeaPYcova4kKZ15sbJ2hKb/VP48ZD2gE7i1J+L4MspCtBMAx8nMgz7bksc7IojCIIWuEhHibSMFH8m8oA==}
    dev: false

  /retry-as-promised@7.0.4:
    resolution: {integrity: sha512-XgmCoxKWkDofwH8WddD0w85ZfqYz+ZHlr5yo+3YUCfycWawU56T5ckWXsScsj5B8tqUcIG67DxXByo3VUgiAdA==}
    dev: false

  /semver@7.5.4:
    resolution: {integrity: sha512-1bCSESV6Pv+i21Hvpxp3Dx+pSD8lIPt8uVjRrxAUt/nbswYc+tK6Y2btiULjd4+fnq15PX+nqQDC7Oft7WkwcA==}
    engines: {node: '>=10'}
    hasBin: true
    dependencies:
      lru-cache: 6.0.0
    dev: false

  /sequelize-pool@7.1.0:
    resolution: {integrity: sha512-G9c0qlIWQSK29pR/5U2JF5dDQeqqHRragoyahj/Nx4KOOQ3CPPfzxnfqFPCSB7x5UgjOgnZ61nSxz+fjDpRlJg==}
    engines: {node: '>= 10.0.0'}
    dev: false

  /sequelize@6.33.0:
    resolution: {integrity: sha512-GkeCbqgaIcpyZ1EyXrDNIwktbfMldHAGOVXHGM4x8bxGSRAOql5htDWofPvwpfL/FoZ59CaFmfO3Mosv1lDbQw==}
    engines: {node: '>=10.0.0'}
    peerDependencies:
      ibm_db: '*'
      mariadb: '*'
      mysql2: '*'
      oracledb: '*'
      pg: '*'
      pg-hstore: '*'
      snowflake-sdk: '*'
      sqlite3: '*'
      tedious: '*'
    peerDependenciesMeta:
      ibm_db:
        optional: true
      mariadb:
        optional: true
      mysql2:
        optional: true
      oracledb:
        optional: true
      pg:
        optional: true
      pg-hstore:
        optional: true
      snowflake-sdk:
        optional: true
      sqlite3:
        optional: true
      tedious:
        optional: true
    dependencies:
      '@types/debug': 4.1.9
      '@types/validator': 13.11.2
      debug: 4.3.4
      dottie: 2.0.6
      inflection: 1.13.4
      lodash: 4.17.21
      moment: 2.29.4
      moment-timezone: 0.5.43
      pg-connection-string: 2.6.2
      retry-as-promised: 7.0.4
      semver: 7.5.4
      sequelize-pool: 7.1.0
      toposort-class: 1.0.1
      uuid: 8.3.2
      validator: 13.11.0
      wkx: 0.5.0
    transitivePeerDependencies:
      - supports-color
    dev: false

  /toposort-class@1.0.1:
    resolution: {integrity: sha512-OsLcGGbYF3rMjPUf8oKktyvCiUxSbqMMS39m33MAjLTC1DVIH6x3WSt63/M77ihI09+Sdfk1AXvfhCEeUmC7mg==}
    dev: false

  /undici-types@5.25.3:
    resolution: {integrity: sha512-Ga1jfYwRn7+cP9v8auvEXN1rX3sWqlayd4HP7OKk4mZWylEmu3KzXDUGrQUN6Ol7qo1gPvB2e5gX6udnyEPgdA==}
    dev: false

  /uuid@8.3.2:
    resolution: {integrity: sha512-+NYs2QeMWy+GWFOEm9xnn6HCDp0l7QBD7ml8zLUmJ+93Q5NF0NocErnwkTkXVFNiX3/fpC6afS8Dhb/gz7R7eg==}
    hasBin: true
    dev: false

  /validator@13.11.0:
    resolution: {integrity: sha512-Ii+sehpSfZy+At5nPdnyMhx78fEoPDkR2XW/zimHEL3MyGJQOCQ7WeP20jPYRz7ZCpcKLB21NxuXHF3bxjStBQ==}
    engines: {node: '>= 0.10'}
    dev: false

  /wkx@0.5.0:
    resolution: {integrity: sha512-Xng/d4Ichh8uN4l0FToV/258EjMGU9MGcA0HV2d9B/ZpZB3lqQm7nkOdZdm5GhKtLLhAE7PiVQwN4eN+2YJJUg==}
    dependencies:
      '@types/node': 20.8.4
    dev: false

  /yallist@4.0.0:
    resolution: {integrity: sha512-3wdGidZyq5PB084XLES5TpOSRA3wjXAlIWMhum2kRcv/41Sn2emQ0dycQW4uZXLejwKvg6EsvbdlVL+FYEct7A==}
    dev: false
